
Microsoft Visual Studio Solution File, Format Version 12.00
# Visual Studio 15
VisualStudioVersion = 15.0.26124.0
MinimumVisualStudioVersion = 15.0.26124.0
Project("{2150E333-8FDC-42A3-9474-1A3956D46DE8}") = "src", "src", "{F237C0A3-1975-484F-A5EE-44A777C0D393}"
EndProject
Project("{FAE04EC0-301F-11D3-BF4B-00C04F79EFBC}") = "PalTracker", "src\PalTracker\PalTracker.csproj", "{CE58D32A-CFAF-4985-9DFB-3B5BD2E35562}"
EndProject
Project("{2150E333-8FDC-42A3-9474-1A3956D46DE8}") = "test", "test", "{5A4C4EFF-BB9B-4D40-BDE3-B6E32DC557C1}"
EndProject
Project("{FAE04EC0-301F-11D3-BF4B-00C04F79EFBC}") = "PalTrackerTests", "test\PalTrackerTests\PalTrackerTests.csproj", "{78742BF7-708E-4B1F-AE71-ED03FCDEC9F2}"
EndProject
Global
	GlobalSection(SolutionConfigurationPlatforms) = preSolution
		Debug|Any CPU = Debug|Any CPU
		Debug|x64 = Debug|x64
		Debug|x86 = Debug|x86
		Release|Any CPU = Release|Any CPU
		Release|x64 = Release|x64
		Release|x86 = Release|x86
	EndGlobalSection
	GlobalSection(SolutionProperties) = preSolution
		HideSolutionNode = FALSE
	EndGlobalSection
	GlobalSection(ProjectConfigurationPlatforms) = postSolution
		{CE58D32A-CFAF-4985-9DFB-3B5BD2E35562}.Debug|Any CPU.ActiveCfg = Debug|Any CPU
		{CE58D32A-CFAF-4985-9DFB-3B5BD2E35562}.Debug|Any CPU.Build.0 = Debug|Any CPU
		{CE58D32A-CFAF-4985-9DFB-3B5BD2E35562}.Debug|x64.ActiveCfg = Debug|Any CPU
		{CE58D32A-CFAF-4985-9DFB-3B5BD2E35562}.Debug|x64.Build.0 = Debug|Any CPU
		{CE58D32A-CFAF-4985-9DFB-3B5BD2E35562}.Debug|x86.ActiveCfg = Debug|Any CPU
		{CE58D32A-CFAF-4985-9DFB-3B5BD2E35562}.Debug|x86.Build.0 = Debug|Any CPU
		{CE58D32A-CFAF-4985-9DFB-3B5BD2E35562}.Release|Any CPU.ActiveCfg = Release|Any CPU
		{CE58D32A-CFAF-4985-9DFB-3B5BD2E35562}.Release|Any CPU.Build.0 = Release|Any CPU
		{CE58D32A-CFAF-4985-9DFB-3B5BD2E35562}.Release|x64.ActiveCfg = Release|Any CPU
		{CE58D32A-CFAF-4985-9DFB-3B5BD2E35562}.Release|x64.Build.0 = Release|Any CPU
		{CE58D32A-CFAF-4985-9DFB-3B5BD2E35562}.Release|x86.ActiveCfg = Release|Any CPU
		{CE58D32A-CFAF-4985-9DFB-3B5BD2E35562}.Release|x86.Build.0 = Release|Any CPU
		{78742BF7-708E-4B1F-AE71-ED03FCDEC9F2}.Debug|Any CPU.ActiveCfg = Debug|Any CPU
		{78742BF7-708E-4B1F-AE71-ED03FCDEC9F2}.Debug|Any CPU.Build.0 = Debug|Any CPU
		{78742BF7-708E-4B1F-AE71-ED03FCDEC9F2}.Debug|x64.ActiveCfg = Debug|Any CPU
		{78742BF7-708E-4B1F-AE71-ED03FCDEC9F2}.Debug|x64.Build.0 = Debug|Any CPU
		{78742BF7-708E-4B1F-AE71-ED03FCDEC9F2}.Debug|x86.ActiveCfg = Debug|Any CPU
		{78742BF7-708E-4B1F-AE71-ED03FCDEC9F2}.Debug|x86.Build.0 = Debug|Any CPU
		{78742BF7-708E-4B1F-AE71-ED03FCDEC9F2}.Release|Any CPU.ActiveCfg = Release|Any CPU
		{78742BF7-708E-4B1F-AE71-ED03FCDEC9F2}.Release|Any CPU.Build.0 = Release|Any CPU
		{78742BF7-708E-4B1F-AE71-ED03FCDEC9F2}.Release|x64.ActiveCfg = Release|Any CPU
		{78742BF7-708E-4B1F-AE71-ED03FCDEC9F2}.Release|x64.Build.0 = Release|Any CPU
		{78742BF7-708E-4B1F-AE71-ED03FCDEC9F2}.Release|x86.ActiveCfg = Release|Any CPU
		{78742BF7-708E-4B1F-AE71-ED03FCDEC9F2}.Release|x86.Build.0 = Release|Any CPU
	EndGlobalSection
	GlobalSection(NestedProjects) = preSolution
		{CE58D32A-CFAF-4985-9DFB-3B5BD2E35562} = {F237C0A3-1975-484F-A5EE-44A777C0D393}
		{78742BF7-708E-4B1F-AE71-ED03FCDEC9F2} = {5A4C4EFF-BB9B-4D40-BDE3-B6E32DC557C1}
	EndGlobalSection
EndGlobal
